// !$*UTF8*$!
{
	archiveVersion = 1;
	classes = {
	};
	objectVersion = 46;
	objects = {

/* Begin PBXBuildFile section */
		D0BBBFC11A5DBF26007913DA /* OGDL.h in Headers */ = {isa = PBXBuildFile; fileRef = D0BBBFC01A5DBF26007913DA /* OGDL.h */; settings = {ATTRIBUTES = (Public, ); }; };
		D0BBBFC71A5DBF26007913DA /* OGDL.framework in Frameworks */ = {isa = PBXBuildFile; fileRef = D0BBBFBB1A5DBF26007913DA /* OGDL.framework */; };
		D0BBBFCE1A5DBF26007913DA /* OGDLTests.swift in Sources */ = {isa = PBXBuildFile; fileRef = D0BBBFCD1A5DBF26007913DA /* OGDLTests.swift */; };
/* End PBXBuildFile section */

/* Begin PBXContainerItemProxy section */
		D0BBBFC81A5DBF26007913DA /* PBXContainerItemProxy */ = {
			isa = PBXContainerItemProxy;
			containerPortal = D0BBBFB21A5DBF26007913DA /* Project object */;
			proxyType = 1;
			remoteGlobalIDString = D0BBBFBA1A5DBF26007913DA;
			remoteInfo = OGDL;
		};
/* End PBXContainerItemProxy section */

/* Begin PBXFileReference section */
		D00F9CB51A5DC0CA00B4851E /* Common.xcconfig */ = {isa = PBXFileReference; lastKnownFileType = text.xcconfig; path = Common.xcconfig; sourceTree = "<group>"; };
		D00F9CB71A5DC0CA00B4851E /* Debug.xcconfig */ = {isa = PBXFileReference; lastKnownFileType = text.xcconfig; path = Debug.xcconfig; sourceTree = "<group>"; };
		D00F9CB81A5DC0CA00B4851E /* Profile.xcconfig */ = {isa = PBXFileReference; lastKnownFileType = text.xcconfig; path = Profile.xcconfig; sourceTree = "<group>"; };
		D00F9CB91A5DC0CA00B4851E /* Release.xcconfig */ = {isa = PBXFileReference; lastKnownFileType = text.xcconfig; path = Release.xcconfig; sourceTree = "<group>"; };
		D00F9CBA1A5DC0CA00B4851E /* Test.xcconfig */ = {isa = PBXFileReference; lastKnownFileType = text.xcconfig; path = Test.xcconfig; sourceTree = "<group>"; };
		D00F9CBC1A5DC0CA00B4851E /* Application.xcconfig */ = {isa = PBXFileReference; lastKnownFileType = text.xcconfig; path = Application.xcconfig; sourceTree = "<group>"; };
		D00F9CBD1A5DC0CA00B4851E /* Framework.xcconfig */ = {isa = PBXFileReference; lastKnownFileType = text.xcconfig; path = Framework.xcconfig; sourceTree = "<group>"; };
		D00F9CBE1A5DC0CA00B4851E /* StaticLibrary.xcconfig */ = {isa = PBXFileReference; lastKnownFileType = text.xcconfig; path = StaticLibrary.xcconfig; sourceTree = "<group>"; };
		D00F9CC01A5DC0CA00B4851E /* iOS-Application.xcconfig */ = {isa = PBXFileReference; lastKnownFileType = text.xcconfig; path = "iOS-Application.xcconfig"; sourceTree = "<group>"; };
		D00F9CC11A5DC0CA00B4851E /* iOS-Base.xcconfig */ = {isa = PBXFileReference; lastKnownFileType = text.xcconfig; path = "iOS-Base.xcconfig"; sourceTree = "<group>"; };
		D00F9CC21A5DC0CA00B4851E /* iOS-Framework.xcconfig */ = {isa = PBXFileReference; lastKnownFileType = text.xcconfig; path = "iOS-Framework.xcconfig"; sourceTree = "<group>"; };
		D00F9CC31A5DC0CA00B4851E /* iOS-StaticLibrary.xcconfig */ = {isa = PBXFileReference; lastKnownFileType = text.xcconfig; path = "iOS-StaticLibrary.xcconfig"; sourceTree = "<group>"; };
		D00F9CC51A5DC0CA00B4851E /* Mac-Application.xcconfig */ = {isa = PBXFileReference; lastKnownFileType = text.xcconfig; path = "Mac-Application.xcconfig"; sourceTree = "<group>"; };
		D00F9CC61A5DC0CA00B4851E /* Mac-Base.xcconfig */ = {isa = PBXFileReference; lastKnownFileType = text.xcconfig; path = "Mac-Base.xcconfig"; sourceTree = "<group>"; };
		D00F9CC71A5DC0CA00B4851E /* Mac-DynamicLibrary.xcconfig */ = {isa = PBXFileReference; lastKnownFileType = text.xcconfig; path = "Mac-DynamicLibrary.xcconfig"; sourceTree = "<group>"; };
		D00F9CC81A5DC0CA00B4851E /* Mac-Framework.xcconfig */ = {isa = PBXFileReference; lastKnownFileType = text.xcconfig; path = "Mac-Framework.xcconfig"; sourceTree = "<group>"; };
		D00F9CC91A5DC0CA00B4851E /* Mac-StaticLibrary.xcconfig */ = {isa = PBXFileReference; lastKnownFileType = text.xcconfig; path = "Mac-StaticLibrary.xcconfig"; sourceTree = "<group>"; };
		D00F9CCA1A5DC0CA00B4851E /* README.md */ = {isa = PBXFileReference; lastKnownFileType = net.daringfireball.markdown; path = README.md; sourceTree = "<group>"; };
		D0BBBFBB1A5DBF26007913DA /* OGDL.framework */ = {isa = PBXFileReference; explicitFileType = wrapper.framework; includeInIndex = 0; path = OGDL.framework; sourceTree = BUILT_PRODUCTS_DIR; };
		D0BBBFBF1A5DBF26007913DA /* Info.plist */ = {isa = PBXFileReference; lastKnownFileType = text.plist.xml; path = Info.plist; sourceTree = "<group>"; };
		D0BBBFC01A5DBF26007913DA /* OGDL.h */ = {isa = PBXFileReference; lastKnownFileType = sourcecode.c.h; path = OGDL.h; sourceTree = "<group>"; };
		D0BBBFC61A5DBF26007913DA /* OGDLTests.xctest */ = {isa = PBXFileReference; explicitFileType = wrapper.cfbundle; includeInIndex = 0; path = OGDLTests.xctest; sourceTree = BUILT_PRODUCTS_DIR; };
		D0BBBFCC1A5DBF26007913DA /* Info.plist */ = {isa = PBXFileReference; lastKnownFileType = text.plist.xml; path = Info.plist; sourceTree = "<group>"; };
		D0BBBFCD1A5DBF26007913DA /* OGDLTests.swift */ = {isa = PBXFileReference; lastKnownFileType = sourcecode.swift; path = OGDLTests.swift; sourceTree = "<group>"; };
/* End PBXFileReference section */

/* Begin PBXFrameworksBuildPhase section */
		D0BBBFB71A5DBF26007913DA /* Frameworks */ = {
			isa = PBXFrameworksBuildPhase;
			buildActionMask = 2147483647;
			files = (
			);
			runOnlyForDeploymentPostprocessing = 0;
		};
		D0BBBFC31A5DBF26007913DA /* Frameworks */ = {
			isa = PBXFrameworksBuildPhase;
			buildActionMask = 2147483647;
			files = (
				D0BBBFC71A5DBF26007913DA /* OGDL.framework in Frameworks */,
			);
			runOnlyForDeploymentPostprocessing = 0;
		};
/* End PBXFrameworksBuildPhase section */

/* Begin PBXGroup section */
		D00F9CB31A5DC0CA00B4851E /* Configuration */ = {
			isa = PBXGroup;
			children = (
				D00F9CB41A5DC0CA00B4851E /* Base */,
				D00F9CBF1A5DC0CA00B4851E /* iOS */,
				D00F9CC41A5DC0CA00B4851E /* Mac OS X */,
				D00F9CCA1A5DC0CA00B4851E /* README.md */,
			);
			name = Configuration;
			path = Carthage/Checkouts/xcconfigs;
			sourceTree = "<group>";
		};
		D00F9CB41A5DC0CA00B4851E /* Base */ = {
			isa = PBXGroup;
			children = (
				D00F9CB51A5DC0CA00B4851E /* Common.xcconfig */,
				D00F9CB61A5DC0CA00B4851E /* Configurations */,
				D00F9CBB1A5DC0CA00B4851E /* Targets */,
			);
			path = Base;
			sourceTree = "<group>";
		};
		D00F9CB61A5DC0CA00B4851E /* Configurations */ = {
			isa = PBXGroup;
			children = (
				D00F9CB71A5DC0CA00B4851E /* Debug.xcconfig */,
				D00F9CB81A5DC0CA00B4851E /* Profile.xcconfig */,
				D00F9CB91A5DC0CA00B4851E /* Release.xcconfig */,
				D00F9CBA1A5DC0CA00B4851E /* Test.xcconfig */,
			);
			path = Configurations;
			sourceTree = "<group>";
		};
		D00F9CBB1A5DC0CA00B4851E /* Targets */ = {
			isa = PBXGroup;
			children = (
				D00F9CBC1A5DC0CA00B4851E /* Application.xcconfig */,
				D00F9CBD1A5DC0CA00B4851E /* Framework.xcconfig */,
				D00F9CBE1A5DC0CA00B4851E /* StaticLibrary.xcconfig */,
			);
			path = Targets;
			sourceTree = "<group>";
		};
		D00F9CBF1A5DC0CA00B4851E /* iOS */ = {
			isa = PBXGroup;
			children = (
				D00F9CC01A5DC0CA00B4851E /* iOS-Application.xcconfig */,
				D00F9CC11A5DC0CA00B4851E /* iOS-Base.xcconfig */,
				D00F9CC21A5DC0CA00B4851E /* iOS-Framework.xcconfig */,
				D00F9CC31A5DC0CA00B4851E /* iOS-StaticLibrary.xcconfig */,
			);
			path = iOS;
			sourceTree = "<group>";
		};
		D00F9CC41A5DC0CA00B4851E /* Mac OS X */ = {
			isa = PBXGroup;
			children = (
				D00F9CC51A5DC0CA00B4851E /* Mac-Application.xcconfig */,
				D00F9CC61A5DC0CA00B4851E /* Mac-Base.xcconfig */,
				D00F9CC71A5DC0CA00B4851E /* Mac-DynamicLibrary.xcconfig */,
				D00F9CC81A5DC0CA00B4851E /* Mac-Framework.xcconfig */,
				D00F9CC91A5DC0CA00B4851E /* Mac-StaticLibrary.xcconfig */,
			);
			path = "Mac OS X";
			sourceTree = "<group>";
		};
		D0BBBFB11A5DBF26007913DA = {
			isa = PBXGroup;
			children = (
				D0BBBFBD1A5DBF26007913DA /* OGDL */,
				D0BBBFCA1A5DBF26007913DA /* OGDLTests */,
				D00F9CB31A5DC0CA00B4851E /* Configuration */,
				D0BBBFBC1A5DBF26007913DA /* Products */,
			);
			sourceTree = "<group>";
		};
		D0BBBFBC1A5DBF26007913DA /* Products */ = {
			isa = PBXGroup;
			children = (
				D0BBBFBB1A5DBF26007913DA /* OGDL.framework */,
				D0BBBFC61A5DBF26007913DA /* OGDLTests.xctest */,
			);
			name = Products;
			sourceTree = "<group>";
		};
		D0BBBFBD1A5DBF26007913DA /* OGDL */ = {
			isa = PBXGroup;
			children = (
				D0BBBFC01A5DBF26007913DA /* OGDL.h */,
				D0BBBFBE1A5DBF26007913DA /* Supporting Files */,
			);
			path = OGDL;
			sourceTree = "<group>";
		};
		D0BBBFBE1A5DBF26007913DA /* Supporting Files */ = {
			isa = PBXGroup;
			children = (
				D0BBBFBF1A5DBF26007913DA /* Info.plist */,
			);
			name = "Supporting Files";
			sourceTree = "<group>";
		};
		D0BBBFCA1A5DBF26007913DA /* OGDLTests */ = {
			isa = PBXGroup;
			children = (
				D0BBBFCD1A5DBF26007913DA /* OGDLTests.swift */,
				D0BBBFCB1A5DBF26007913DA /* Supporting Files */,
			);
			path = OGDLTests;
			sourceTree = "<group>";
		};
		D0BBBFCB1A5DBF26007913DA /* Supporting Files */ = {
			isa = PBXGroup;
			children = (
				D0BBBFCC1A5DBF26007913DA /* Info.plist */,
			);
			name = "Supporting Files";
			sourceTree = "<group>";
		};
/* End PBXGroup section */

/* Begin PBXHeadersBuildPhase section */
		D0BBBFB81A5DBF26007913DA /* Headers */ = {
			isa = PBXHeadersBuildPhase;
			buildActionMask = 2147483647;
			files = (
				D0BBBFC11A5DBF26007913DA /* OGDL.h in Headers */,
			);
			runOnlyForDeploymentPostprocessing = 0;
		};
/* End PBXHeadersBuildPhase section */

/* Begin PBXNativeTarget section */
		D0BBBFBA1A5DBF26007913DA /* OGDL */ = {
			isa = PBXNativeTarget;
			buildConfigurationList = D0BBBFD11A5DBF26007913DA /* Build configuration list for PBXNativeTarget "OGDL" */;
			buildPhases = (
				D0BBBFB61A5DBF26007913DA /* Sources */,
				D0BBBFB71A5DBF26007913DA /* Frameworks */,
				D0BBBFB81A5DBF26007913DA /* Headers */,
				D0BBBFB91A5DBF26007913DA /* Resources */,
			);
			buildRules = (
			);
			dependencies = (
			);
			name = OGDL;
			productName = OGDL;
			productReference = D0BBBFBB1A5DBF26007913DA /* OGDL.framework */;
			productType = "com.apple.product-type.framework";
		};
		D0BBBFC51A5DBF26007913DA /* OGDLTests */ = {
			isa = PBXNativeTarget;
			buildConfigurationList = D0BBBFD41A5DBF26007913DA /* Build configuration list for PBXNativeTarget "OGDLTests" */;
			buildPhases = (
				D0BBBFC21A5DBF26007913DA /* Sources */,
				D0BBBFC31A5DBF26007913DA /* Frameworks */,
				D0BBBFC41A5DBF26007913DA /* Resources */,
			);
			buildRules = (
			);
			dependencies = (
				D0BBBFC91A5DBF26007913DA /* PBXTargetDependency */,
			);
			name = OGDLTests;
			productName = OGDLTests;
			productReference = D0BBBFC61A5DBF26007913DA /* OGDLTests.xctest */;
			productType = "com.apple.product-type.bundle.unit-test";
		};
/* End PBXNativeTarget section */

/* Begin PBXProject section */
		D0BBBFB21A5DBF26007913DA /* Project object */ = {
			isa = PBXProject;
			attributes = {
				LastUpgradeCheck = 0610;
				ORGANIZATIONNAME = Carthage;
				TargetAttributes = {
					D0BBBFBA1A5DBF26007913DA = {
						CreatedOnToolsVersion = 6.1.1;
					};
					D0BBBFC51A5DBF26007913DA = {
						CreatedOnToolsVersion = 6.1.1;
					};
				};
			};
			buildConfigurationList = D0BBBFB51A5DBF26007913DA /* Build configuration list for PBXProject "OGDL" */;
			compatibilityVersion = "Xcode 3.2";
			developmentRegion = English;
			hasScannedForEncodings = 0;
			knownRegions = (
				en,
			);
			mainGroup = D0BBBFB11A5DBF26007913DA;
			productRefGroup = D0BBBFBC1A5DBF26007913DA /* Products */;
			projectDirPath = "";
			projectRoot = "";
			targets = (
				D0BBBFBA1A5DBF26007913DA /* OGDL */,
				D0BBBFC51A5DBF26007913DA /* OGDLTests */,
			);
		};
/* End PBXProject section */

/* Begin PBXResourcesBuildPhase section */
		D0BBBFB91A5DBF26007913DA /* Resources */ = {
			isa = PBXResourcesBuildPhase;
			buildActionMask = 2147483647;
			files = (
			);
			runOnlyForDeploymentPostprocessing = 0;
		};
		D0BBBFC41A5DBF26007913DA /* Resources */ = {
			isa = PBXResourcesBuildPhase;
			buildActionMask = 2147483647;
			files = (
			);
			runOnlyForDeploymentPostprocessing = 0;
		};
/* End PBXResourcesBuildPhase section */

/* Begin PBXSourcesBuildPhase section */
		D0BBBFB61A5DBF26007913DA /* Sources */ = {
			isa = PBXSourcesBuildPhase;
			buildActionMask = 2147483647;
			files = (
			);
			runOnlyForDeploymentPostprocessing = 0;
		};
		D0BBBFC21A5DBF26007913DA /* Sources */ = {
			isa = PBXSourcesBuildPhase;
			buildActionMask = 2147483647;
			files = (
				D0BBBFCE1A5DBF26007913DA /* OGDLTests.swift in Sources */,
			);
			runOnlyForDeploymentPostprocessing = 0;
		};
/* End PBXSourcesBuildPhase section */

/* Begin PBXTargetDependency section */
		D0BBBFC91A5DBF26007913DA /* PBXTargetDependency */ = {
			isa = PBXTargetDependency;
			target = D0BBBFBA1A5DBF26007913DA /* OGDL */;
			targetProxy = D0BBBFC81A5DBF26007913DA /* PBXContainerItemProxy */;
		};
/* End PBXTargetDependency section */

/* Begin XCBuildConfiguration section */
		D0BBBFCF1A5DBF26007913DA /* Debug */ = {
			isa = XCBuildConfiguration;
			buildSettings = {
				ALWAYS_SEARCH_USER_PATHS = NO;
				CLANG_CXX_LANGUAGE_STANDARD = "gnu++0x";
				CLANG_CXX_LIBRARY = "libc++";
				CLANG_ENABLE_MODULES = YES;
				CLANG_ENABLE_OBJC_ARC = YES;
				CLANG_WARN_BOOL_CONVERSION = YES;
				CLANG_WARN_CONSTANT_CONVERSION = YES;
				CLANG_WARN_DIRECT_OBJC_ISA_USAGE = YES_ERROR;
				CLANG_WARN_EMPTY_BODY = YES;
				CLANG_WARN_ENUM_CONVERSION = YES;
				CLANG_WARN_INT_CONVERSION = YES;
				CLANG_WARN_OBJC_ROOT_CLASS = YES_ERROR;
				CLANG_WARN_UNREACHABLE_CODE = YES;
				CLANG_WARN__DUPLICATE_METHOD_MATCH = YES;
				COPY_PHASE_STRIP = NO;
				CURRENT_PROJECT_VERSION = 1;
				ENABLE_STRICT_OBJC_MSGSEND = YES;
				GCC_C_LANGUAGE_STANDARD = gnu99;
				GCC_DYNAMIC_NO_PIC = NO;
				GCC_OPTIMIZATION_LEVEL = 0;
				GCC_PREPROCESSOR_DEFINITIONS = (
					"DEBUG=1",
					"$(inherited)",
				);
				GCC_SYMBOLS_PRIVATE_EXTERN = NO;
				GCC_WARN_64_TO_32_BIT_CONVERSION = YES;
				GCC_WARN_ABOUT_RETURN_TYPE = YES_ERROR;
				GCC_WARN_UNDECLARED_SELECTOR = YES;
				GCC_WARN_UNINITIALIZED_AUTOS = YES_AGGRESSIVE;
				GCC_WARN_UNUSED_FUNCTION = YES;
				GCC_WARN_UNUSED_VARIABLE = YES;
				MACOSX_DEPLOYMENT_TARGET = 10.10;
				MTL_ENABLE_DEBUG_INFO = YES;
				ONLY_ACTIVE_ARCH = YES;
				SDKROOT = macosx;
				SWIFT_OPTIMIZATION_LEVEL = "-Onone";
				VERSIONING_SYSTEM = "apple-generic";
				VERSION_INFO_PREFIX = "";
			};
			name = Debug;
		};
		D0BBBFD01A5DBF26007913DA /* Release */ = {
			isa = XCBuildConfiguration;
			buildSettings = {
				ALWAYS_SEARCH_USER_PATHS = NO;
				CLANG_CXX_LANGUAGE_STANDARD = "gnu++0x";
				CLANG_CXX_LIBRARY = "libc++";
				CLANG_ENABLE_MODULES = YES;
				CLANG_ENABLE_OBJC_ARC = YES;
				CLANG_WARN_BOOL_CONVERSION = YES;
				CLANG_WARN_CONSTANT_CONVERSION = YES;
				CLANG_WARN_DIRECT_OBJC_ISA_USAGE = YES_ERROR;
				CLANG_WARN_EMPTY_BODY = YES;
				CLANG_WARN_ENUM_CONVERSION = YES;
				CLANG_WARN_INT_CONVERSION = YES;
				CLANG_WARN_OBJC_ROOT_CLASS = YES_ERROR;
				CLANG_WARN_UNREACHABLE_CODE = YES;
				CLANG_WARN__DUPLICATE_METHOD_MATCH = YES;
				COPY_PHASE_STRIP = YES;
				CURRENT_PROJECT_VERSION = 1;
				DEBUG_INFORMATION_FORMAT = "dwarf-with-dsym";
				ENABLE_NS_ASSERTIONS = NO;
				ENABLE_STRICT_OBJC_MSGSEND = YES;
				GCC_C_LANGUAGE_STANDARD = gnu99;
				GCC_WARN_64_TO_32_BIT_CONVERSION = YES;
				GCC_WARN_ABOUT_RETURN_TYPE = YES_ERROR;
				GCC_WARN_UNDECLARED_SELECTOR = YES;
				GCC_WARN_UNINITIALIZED_AUTOS = YES_AGGRESSIVE;
				GCC_WARN_UNUSED_FUNCTION = YES;
				GCC_WARN_UNUSED_VARIABLE = YES;
				MACOSX_DEPLOYMENT_TARGET = 10.10;
				MTL_ENABLE_DEBUG_INFO = NO;
				SDKROOT = macosx;
				VERSIONING_SYSTEM = "apple-generic";
				VERSION_INFO_PREFIX = "";
			};
			name = Release;
		};
		D0BBBFD21A5DBF26007913DA /* Debug */ = {
			isa = XCBuildConfiguration;
			buildSettings = {
				COMBINE_HIDPI_IMAGES = YES;
				DEFINES_MODULE = YES;
				DYLIB_COMPATIBILITY_VERSION = 1;
				DYLIB_CURRENT_VERSION = 1;
				DYLIB_INSTALL_NAME_BASE = "@rpath";
				FRAMEWORK_VERSION = A;
				INFOPLIST_FILE = OGDL/Info.plist;
				INSTALL_PATH = "$(LOCAL_LIBRARY_DIR)/Frameworks";
				LD_RUNPATH_SEARCH_PATHS = "$(inherited) @executable_path/../Frameworks @loader_path/Frameworks";
				PRODUCT_NAME = "$(TARGET_NAME)";
				SKIP_INSTALL = YES;
			};
			name = Debug;
		};
		D0BBBFD31A5DBF26007913DA /* Release */ = {
			isa = XCBuildConfiguration;
			buildSettings = {
				COMBINE_HIDPI_IMAGES = YES;
				DEFINES_MODULE = YES;
				DYLIB_COMPATIBILITY_VERSION = 1;
				DYLIB_CURRENT_VERSION = 1;
				DYLIB_INSTALL_NAME_BASE = "@rpath";
				FRAMEWORK_VERSION = A;
				INFOPLIST_FILE = OGDL/Info.plist;
				INSTALL_PATH = "$(LOCAL_LIBRARY_DIR)/Frameworks";
				LD_RUNPATH_SEARCH_PATHS = "$(inherited) @executable_path/../Frameworks @loader_path/Frameworks";
				PRODUCT_NAME = "$(TARGET_NAME)";
				SKIP_INSTALL = YES;
			};
			name = Release;
		};
		D0BBBFD51A5DBF26007913DA /* Debug */ = {
			isa = XCBuildConfiguration;
			buildSettings = {
				COMBINE_HIDPI_IMAGES = YES;
				FRAMEWORK_SEARCH_PATHS = (
					"$(DEVELOPER_FRAMEWORKS_DIR)",
					"$(inherited)",
				);
				GCC_PREPROCESSOR_DEFINITIONS = (
					"DEBUG=1",
					"$(inherited)",
				);
				INFOPLIST_FILE = OGDLTests/Info.plist;
				LD_RUNPATH_SEARCH_PATHS = "$(inherited) @executable_path/../Frameworks @loader_path/../Frameworks";
				PRODUCT_NAME = "$(TARGET_NAME)";
			};
			name = Debug;
		};
		D0BBBFD61A5DBF26007913DA /* Release */ = {
			isa = XCBuildConfiguration;
			buildSettings = {
				COMBINE_HIDPI_IMAGES = YES;
				FRAMEWORK_SEARCH_PATHS = (
					"$(DEVELOPER_FRAMEWORKS_DIR)",
					"$(inherited)",
				);
				INFOPLIST_FILE = OGDLTests/Info.plist;
				LD_RUNPATH_SEARCH_PATHS = "$(inherited) @executable_path/../Frameworks @loader_path/../Frameworks";
				PRODUCT_NAME = "$(TARGET_NAME)";
			};
			name = Release;
		};
/* End XCBuildConfiguration section */

/* Begin XCConfigurationList section */
		D0BBBFB51A5DBF26007913DA /* Build configuration list for PBXProject "OGDL" */ = {
			isa = XCConfigurationList;
			buildConfigurations = (
				D0BBBFCF1A5DBF26007913DA /* Debug */,
				D0BBBFD01A5DBF26007913DA /* Release */,
			);
			defaultConfigurationIsVisible = 0;
			defaultConfigurationName = Release;
		};
		D0BBBFD11A5DBF26007913DA /* Build configuration list for PBXNativeTarget "OGDL" */ = {
			isa = XCConfigurationList;
			buildConfigurations = (
				D0BBBFD21A5DBF26007913DA /* Debug */,
				D0BBBFD31A5DBF26007913DA /* Release */,
			);
			defaultConfigurationIsVisible = 0;
			defaultConfigurationName = Release;
		};
		D0BBBFD41A5DBF26007913DA /* Build configuration list for PBXNativeTarget "OGDLTests" */ = {
			isa = XCConfigurationList;
			buildConfigurations = (
				D0BBBFD51A5DBF26007913DA /* Debug */,
				D0BBBFD61A5DBF26007913DA /* Release */,
			);
			defaultConfigurationIsVisible = 0;
			defaultConfigurationName = Release;
		};
/* End XCConfigurationList section */
	};
	rootObject = D0BBBFB21A5DBF26007913DA /* Project object */;
}
